PATH
  remote: .
  specs:
    buttercut (0.4.0)
      nokogiri (~> 1.13)
      rubyzip (~> 2.3)

GEM
  remote: https://rubygems.org/
  specs:
    diff-lcs (1.6.2)
    nokogiri (1.18.10-aarch64-linux-gnu)
      racc (~> 1.4)
    nokogiri (1.18.10-aarch64-linux-musl)
      racc (~> 1.4)
    nokogiri (1.18.10-arm-linux-gnu)
      racc (~> 1.4)
    nokogiri (1.18.10-arm-linux-musl)
      racc (~> 1.4)
    nokogiri (1.18.10-arm64-darwin)
      racc (~> 1.4)
    nokogiri (1.18.10-x86_64-darwin)
      racc (~> 1.4)
    nokogiri (1.18.10-x86_64-linux-gnu)
      racc (~> 1.4)
    nokogiri (1.18.10-x86_64-linux-musl)
      racc (~> 1.4)
    racc (1.8.1)
    rspec (3.13.2)
      rspec-core (~> 3.13.0)
      rspec-expectations (~> 3.13.0)
      rspec-mocks (~> 3.13.0)
    rspec-core (3.13.6)
      rspec-support (~> 3.13.0)
    rspec-expectations (3.13.5)
      diff-lcs (>= 1.2.0, < 2.0)
      rspec-support (~> 3.13.0)
    rspec-mocks (3.13.7)
      diff-lcs (>= 1.2.0, < 2.0)
      rspec-support (~> 3.13.0)
    rspec-support (3.13.6)
    rubyzip (2.4.1)

PLATFORMS
  aarch64-linux-gnu
  aarch64-linux-musl
  arm-linux-gnu
  arm-linux-musl
  arm64-darwin
  x86_64-darwin
  x86_64-linux-gnu
  x86_64-linux-musl

DEPENDENCIES
  buttercut!
  rspec (~> 3.12)

BUNDLED WITH
   2.5.23
